
Microsoft Visual Studio Solution File, Format Version 12.00
# Visual Studio Version 17
VisualStudioVersion = 17.5.33502.453
MinimumVisualStudioVersion = 10.0.40219.1
Project("{FAE04EC0-301F-11D3-BF4B-00C04F79EFBC}") = "Generics", "Generics\Generics.csproj", "{F4395059-E789-4EBF-BC27-1D28F10D2C89}"
EndProject
Global
	GlobalSection(SolutionConfigurationPlatforms) = preSolution
		Debug|Any CPU = Debug|Any CPU
		Release|Any CPU = Release|Any CPU
	EndGlobalSection
	GlobalSection(ProjectConfigurationPlatforms) = postSolution
		{F4395059-E789-4EBF-BC27-1D28F10D2C89}.Debug|Any CPU.ActiveCfg = Debug|Any CPU
		{F4395059-E789-4EBF-BC27-1D28F10D2C89}.Debug|Any CPU.Build.0 = Debug|Any CPU
		{F4395059-E789-4EBF-BC27-1D28F10D2C89}.Release|Any CPU.ActiveCfg = Release|Any CPU
		{F4395059-E789-4EBF-BC27-1D28F10D2C89}.Release|Any CPU.Build.0 = Release|Any CPU
	EndGlobalSection
	GlobalSection(SolutionProperties) = preSolution
		HideSolutionNode = FALSE
	EndGlobalSection
	GlobalSection(ExtensibilityGlobals) = postSolution
		SolutionGuid = {BC46D17B-8832-470F-90C0-D0D855AA0A9E}
	EndGlobalSection
EndGlobal
